
Microsoft Visual Studio Solution File, Format Version 12.00
# Visual Studio Version 17
VisualStudioVersion = 17.0.31903.59
MinimumVisualStudioVersion = 10.0.40219.1
Project("{FAE04EC0-301F-11D3-BF4B-00C04F79EFBC}") = "API", "API\API.csproj", "{2DD039FF-A96B-454C-8007-28FD7D51529F}"
EndProject
Project("{FAE04EC0-301F-11D3-BF4B-00C04F79EFBC}") = "Application", "Application\Application.csproj", "{17B8537E-A88E-4AF9-AD9F-027E5A73A6C5}"
EndProject
Project("{FAE04EC0-301F-11D3-BF4B-00C04F79EFBC}") = "Domain", "Domain\Domain.csproj", "{2184D505-BE90-47D6-B3CA-735214D42E3E}"
EndProject
Project("{FAE04EC0-301F-11D3-BF4B-00C04F79EFBC}") = "Persistence", "Persistence\Persistence.csproj", "{C7EBE392-8876-410D-B4C9-BFA7FE3DE455}"
EndProject
Global
	GlobalSection(SolutionConfigurationPlatforms) = preSolution
		Debug|Any CPU = Debug|Any CPU
		Release|Any CPU = Release|Any CPU
	EndGlobalSection
	GlobalSection(SolutionProperties) = preSolution
		HideSolutionNode = FALSE
	EndGlobalSection
	GlobalSection(ProjectConfigurationPlatforms) = postSolution
		{2DD039FF-A96B-454C-8007-28FD7D51529F}.Debug|Any CPU.ActiveCfg = Debug|Any CPU
		{2DD039FF-A96B-454C-8007-28FD7D51529F}.Debug|Any CPU.Build.0 = Debug|Any CPU
		{2DD039FF-A96B-454C-8007-28FD7D51529F}.Release|Any CPU.ActiveCfg = Release|Any CPU
		{2DD039FF-A96B-454C-8007-28FD7D51529F}.Release|Any CPU.Build.0 = Release|Any CPU
		{17B8537E-A88E-4AF9-AD9F-027E5A73A6C5}.Debug|Any CPU.ActiveCfg = Debug|Any CPU
		{17B8537E-A88E-4AF9-AD9F-027E5A73A6C5}.Debug|Any CPU.Build.0 = Debug|Any CPU
		{17B8537E-A88E-4AF9-AD9F-027E5A73A6C5}.Release|Any CPU.ActiveCfg = Release|Any CPU
		{17B8537E-A88E-4AF9-AD9F-027E5A73A6C5}.Release|Any CPU.Build.0 = Release|Any CPU
		{2184D505-BE90-47D6-B3CA-735214D42E3E}.Debug|Any CPU.ActiveCfg = Debug|Any CPU
		{2184D505-BE90-47D6-B3CA-735214D42E3E}.Debug|Any CPU.Build.0 = Debug|Any CPU
		{2184D505-BE90-47D6-B3CA-735214D42E3E}.Release|Any CPU.ActiveCfg = Release|Any CPU
		{2184D505-BE90-47D6-B3CA-735214D42E3E}.Release|Any CPU.Build.0 = Release|Any CPU
		{C7EBE392-8876-410D-B4C9-BFA7FE3DE455}.Debug|Any CPU.ActiveCfg = Debug|Any CPU
		{C7EBE392-8876-410D-B4C9-BFA7FE3DE455}.Debug|Any CPU.Build.0 = Debug|Any CPU
		{C7EBE392-8876-410D-B4C9-BFA7FE3DE455}.Release|Any CPU.ActiveCfg = Release|Any CPU
		{C7EBE392-8876-410D-B4C9-BFA7FE3DE455}.Release|Any CPU.Build.0 = Release|Any CPU
	EndGlobalSection
EndGlobal
